// !$*UTF8*$!
{
	archiveVersion = 1;
	classes = {
	};
	objectVersion = 56;
	objects = {

/* Begin PBXBuildFile section */
		CAD766C22C21650700DFA854 /* AppDelegate.swift in Sources */ = {isa = PBXBuildFile; fileRef = CAD766C12C21650700DFA854 /* AppDelegate.swift */; };
		CAD766C42C21650700DFA854 /* SceneDelegate.swift in Sources */ = {isa = PBXBuildFile; fileRef = CAD766C32C21650700DFA854 /* SceneDelegate.swift */; };
		CAD766C62C21650700DFA854 /* ViewController.swift in Sources */ = {isa = PBXBuildFile; fileRef = CAD766C52C21650700DFA854 /* ViewController.swift */; };
		CAD766C92C21650800DFA854 /* Base in Resources */ = {isa = PBXBuildFile; fileRef = CAD766C82C21650800DFA854 /* Base */; };
		CAD766CB2C21650900DFA854 /* Assets.xcassets in Resources */ = {isa = PBXBuildFile; fileRef = CAD766CA2C21650900DFA854 /* Assets.xcassets */; };
		CAD766CE2C21650900DFA854 /* Base in Resources */ = {isa = PBXBuildFile; fileRef = CAD766CD2C21650900DFA854 /* Base */; };
		CAD766D62C21659100DFA854 /* HomeVC.swift in Sources */ = {isa = PBXBuildFile; fileRef = CAD766D52C21659100DFA854 /* HomeVC.swift */; };
		CAD766D92C2165FE00DFA854 /* DinosaurDetailsViewController.swift in Sources */ = {isa = PBXBuildFile; fileRef = CAD766D82C2165FE00DFA854 /* DinosaurDetailsViewController.swift */; };
		CAD766DB2C21662200DFA854 /* DinosaurListViewModel.swift in Sources */ = {isa = PBXBuildFile; fileRef = CAD766DA2C21662200DFA854 /* DinosaurListViewModel.swift */; };
		CAD766DD2C21665A00DFA854 /* Model.swift in Sources */ = {isa = PBXBuildFile; fileRef = CAD766DC2C21665A00DFA854 /* Model.swift */; };
		CAD766E12C21687D00DFA854 /* DinosaurListTableViewCel.xib in Resources */ = {isa = PBXBuildFile; fileRef = CAD766DF2C21687D00DFA854 /* DinosaurListTableViewCel.xib */; };
		CAD766E22C21687D00DFA854 /* DinosaurListTableViewCel.swift in Sources */ = {isa = PBXBuildFile; fileRef = CAD766E02C21687D00DFA854 /* DinosaurListTableViewCel.swift */; };
/* End PBXBuildFile section */

/* Begin PBXFileReference section */
		CAD766BE2C21650700DFA854 /* Ratnakar_IOS.app */ = {isa = PBXFileReference; explicitFileType = wrapper.application; includeInIndex = 0; path = Ratnakar_IOS.app; sourceTree = BUILT_PRODUCTS_DIR; };
		CAD766C12C21650700DFA854 /* AppDelegate.swift */ = {isa = PBXFileReference; lastKnownFileType = sourcecode.swift; path = AppDelegate.swift; sourceTree = "<group>"; };
		CAD766C32C21650700DFA854 /* SceneDelegate.swift */ = {isa = PBXFileReference; lastKnownFileType = sourcecode.swift; path = SceneDelegate.swift; sourceTree = "<group>"; };
		CAD766C52C21650700DFA854 /* ViewController.swift */ = {isa = PBXFileReference; lastKnownFileType = sourcecode.swift; path = ViewController.swift; sourceTree = "<group>"; };
		CAD766C82C21650800DFA854 /* Base */ = {isa = PBXFileReference; lastKnownFileType = file.storyboard; name = Base; path = Base.lproj/Main.storyboard; sourceTree = "<group>"; };
		CAD766CA2C21650900DFA854 /* Assets.xcassets */ = {isa = PBXFileReference; lastKnownFileType = folder.assetcatalog; path = Assets.xcassets; sourceTree = "<group>"; };
		CAD766CD2C21650900DFA854 /* Base */ = {isa = PBXFileReference; lastKnownFileType = file.storyboard; name = Base; path = Base.lproj/LaunchScreen.storyboard; sourceTree = "<group>"; };
		CAD766CF2C21650900DFA854 /* Info.plist */ = {isa = PBXFileReference; lastKnownFileType = text.plist.xml; path = Info.plist; sourceTree = "<group>"; };
		CAD766D52C21659100DFA854 /* HomeVC.swift */ = {isa = PBXFileReference; lastKnownFileType = sourcecode.swift; path = HomeVC.swift; sourceTree = "<group>"; };
		CAD766D82C2165FE00DFA854 /* DinosaurDetailsViewController.swift */ = {isa = PBXFileReference; lastKnownFileType = sourcecode.swift; path = DinosaurDetailsViewController.swift; sourceTree = "<group>"; };
		CAD766DA2C21662200DFA854 /* DinosaurListViewModel.swift */ = {isa = PBXFileReference; lastKnownFileType = sourcecode.swift; path = DinosaurListViewModel.swift; sourceTree = "<group>"; };
		CAD766DC2C21665A00DFA854 /* Model.swift */ = {isa = PBXFileReference; lastKnownFileType = sourcecode.swift; path = Model.swift; sourceTree = "<group>"; };
		CAD766DF2C21687D00DFA854 /* DinosaurListTableViewCel.xib */ = {isa = PBXFileReference; fileEncoding = 4; lastKnownFileType = file.xib; path = DinosaurListTableViewCel.xib; sourceTree = "<group>"; };
		CAD766E02C21687D00DFA854 /* DinosaurListTableViewCel.swift */ = {isa = PBXFileReference; fileEncoding = 4; lastKnownFileType = sourcecode.swift; path = DinosaurListTableViewCel.swift; sourceTree = "<group>"; };
/* End PBXFileReference section */

/* Begin PBXFrameworksBuildPhase section */
		CAD766BB2C21650700DFA854 /* Frameworks */ = {
			isa = PBXFrameworksBuildPhase;
			buildActionMask = 2147483647;
			files = (
			);
			runOnlyForDeploymentPostprocessing = 0;
		};
/* End PBXFrameworksBuildPhase section */

/* Begin PBXGroup section */
		CAD766B52C21650700DFA854 = {
			isa = PBXGroup;
			children = (
				CAD766C02C21650700DFA854 /* Ratnakar_IOS */,
				CAD766BF2C21650700DFA854 /* Products */,
			);
			sourceTree = "<group>";
		};
		CAD766BF2C21650700DFA854 /* Products */ = {
			isa = PBXGroup;
			children = (
				CAD766BE2C21650700DFA854 /* Ratnakar_IOS.app */,
			);
			name = Products;
			sourceTree = "<group>";
		};
		CAD766C02C21650700DFA854 /* Ratnakar_IOS */ = {
			isa = PBXGroup;
			children = (
				CAD766C12C21650700DFA854 /* AppDelegate.swift */,
				CAD766C32C21650700DFA854 /* SceneDelegate.swift */,
				CAD766C52C21650700DFA854 /* ViewController.swift */,
				CAD766D52C21659100DFA854 /* HomeVC.swift */,
				CAD766DE2C2166B700DFA854 /* TableCell */,
				CAD766D72C2165ED00DFA854 /* ViewModel */,
				CAD766C72C21650800DFA854 /* Main.storyboard */,
				CAD766CA2C21650900DFA854 /* Assets.xcassets */,
				CAD766CC2C21650900DFA854 /* LaunchScreen.storyboard */,
				CAD766CF2C21650900DFA854 /* Info.plist */,
			);
			path = Ratnakar_IOS;
			sourceTree = "<group>";
		};
		CAD766D72C2165ED00DFA854 /* ViewModel */ = {
			isa = PBXGroup;
			children = (
				CAD766D82C2165FE00DFA854 /* DinosaurDetailsViewController.swift */,
				CAD766DA2C21662200DFA854 /* DinosaurListViewModel.swift */,
				CAD766DC2C21665A00DFA854 /* Model.swift */,
			);
			path = ViewModel;
			sourceTree = "<group>";
		};
		CAD766DE2C2166B700DFA854 /* TableCell */ = {
			isa = PBXGroup;
			children = (
				CAD766E02C21687D00DFA854 /* DinosaurListTableViewCel.swift */,
				CAD766DF2C21687D00DFA854 /* DinosaurListTableViewCel.xib */,
			);
			path = TableCell;
			sourceTree = "<group>";
		};
/* End PBXGroup section */

/* Begin PBXNativeTarget section */
		CAD766BD2C21650700DFA854 /* Ratnakar_IOS */ = {
			isa = PBXNativeTarget;
			buildConfigurationList = CAD766D22C21650900DFA854 /* Build configuration list for PBXNativeTarget "Ratnakar_IOS" */;
			buildPhases = (
				CAD766BA2C21650700DFA854 /* Sources */,
				CAD766BB2C21650700DFA854 /* Frameworks */,
				CAD766BC2C21650700DFA854 /* Resources */,
			);
			buildRules = (
			);
			dependencies = (
			);
			name = Ratnakar_IOS;
			productName = Ratnakar_IOS;
			productReference = CAD766BE2C21650700DFA854 /* Ratnakar_IOS.app */;
			productType = "com.apple.product-type.application";
		};
/* End PBXNativeTarget section */

/* Begin PBXProject section */
		CAD766B62C21650700DFA854 /* Project object */ = {
			isa = PBXProject;
			attributes = {
				BuildIndependentTargetsInParallel = 1;
				LastSwiftUpdateCheck = 1540;
				LastUpgradeCheck = 1540;
				TargetAttributes = {
					CAD766BD2C21650700DFA854 = {
						CreatedOnToolsVersion = 15.4;
					};
				};
			};
			buildConfigurationList = CAD766B92C21650700DFA854 /* Build configuration list for PBXProject "Ratnakar_IOS" */;
			compatibilityVersion = "Xcode 14.0";
			developmentRegion = en;
			hasScannedForEncodings = 0;
			knownRegions = (
				en,
				Base,
			);
			mainGroup = CAD766B52C21650700DFA854;
			productRefGroup = CAD766BF2C21650700DFA854 /* Products */;
			projectDirPath = "";
			projectRoot = "";
			targets = (
				CAD766BD2C21650700DFA854 /* Ratnakar_IOS */,
			);
		};
/* End PBXProject section */

/* Begin PBXResourcesBuildPhase section */
		CAD766BC2C21650700DFA854 /* Resources */ = {
			isa = PBXResourcesBuildPhase;
			buildActionMask = 2147483647;
			files = (
				CAD766CB2C21650900DFA854 /* Assets.xcassets in Resources */,
				CAD766E12C21687D00DFA854 /* DinosaurListTableViewCel.xib in Resources */,
				CAD766CE2C21650900DFA854 /* Base in Resources */,
				CAD766C92C21650800DFA854 /* Base in Resources */,
			);
			runOnlyForDeploymentPostprocessing = 0;
		};
/* End PBXResourcesBuildPhase section */

/* Begin PBXSourcesBuildPhase section */
		CAD766BA2C21650700DFA854 /* Sources */ = {
			isa = PBXSourcesBuildPhase;
			buildActionMask = 2147483647;
			files = (
				CAD766DD2C21665A00DFA854 /* Model.swift in Sources */,
				CAD766E22C21687D00DFA854 /* DinosaurListTableViewCel.swift in Sources */,
				CAD766C62C21650700DFA854 /* ViewController.swift in Sources */,
				CAD766D62C21659100DFA854 /* HomeVC.swift in Sources */,
				CAD766C22C21650700DFA854 /* AppDelegate.swift in Sources */,
				CAD766C42C21650700DFA854 /* SceneDelegate.swift in Sources */,
				CAD766D92C2165FE00DFA854 /* DinosaurDetailsViewController.swift in Sources */,
				CAD766DB2C21662200DFA854 /* DinosaurListViewModel.swift in Sources */,
			);
			runOnlyForDeploymentPostprocessing = 0;
		};
/* End PBXSourcesBuildPhase section */

/* Begin PBXVariantGroup section */
		CAD766C72C21650800DFA854 /* Main.storyboard */ = {
			isa = PBXVariantGroup;
			children = (
				CAD766C82C21650800DFA854 /* Base */,
			);
			name = Main.storyboard;
			sourceTree = "<group>";
		};
		CAD766CC2C21650900DFA854 /* LaunchScreen.storyboard */ = {
			isa = PBXVariantGroup;
			children = (
				CAD766CD2C21650900DFA854 /* Base */,
			);
			name = LaunchScreen.storyboard;
			sourceTree = "<group>";
		};
/* End PBXVariantGroup section */

/* Begin XCBuildConfiguration section */
		CAD766D02C21650900DFA854 /* Debug */ = {
			isa = XCBuildConfiguration;
			buildSettings = {
				ALWAYS_SEARCH_USER_PATHS = NO;
				ASSETCATALOG_COMPILER_GENERATE_SWIFT_ASSET_SYMBOL_EXTENSIONS = YES;
				CLANG_ANALYZER_NONNULL = YES;
				CLANG_ANALYZER_NUMBER_OBJECT_CONVERSION = YES_AGGRESSIVE;
				CLANG_CXX_LANGUAGE_STANDARD = "gnu++20";
				CLANG_ENABLE_MODULES = YES;
				CLANG_ENABLE_OBJC_ARC = YES;
				CLANG_ENABLE_OBJC_WEAK = YES;
				CLANG_WARN_BLOCK_CAPTURE_AUTORELEASING = YES;
				CLANG_WARN_BOOL_CONVERSION = YES;
				CLANG_WARN_COMMA = YES;
				CLANG_WARN_CONSTANT_CONVERSION = YES;
				CLANG_WARN_DEPRECATED_OBJC_IMPLEMENTATIONS = YES;
				CLANG_WARN_DIRECT_OBJC_ISA_USAGE = YES_ERROR;
				CLANG_WARN_DOCUMENTATION_COMMENTS = YES;
				CLANG_WARN_EMPTY_BODY = YES;
				CLANG_WARN_ENUM_CONVERSION = YES;
				CLANG_WARN_INFINITE_RECURSION = YES;
				CLANG_WARN_INT_CONVERSION = YES;
				CLANG_WARN_NON_LITERAL_NULL_CONVERSION = YES;
				CLANG_WARN_OBJC_IMPLICIT_RETAIN_SELF = YES;
				CLANG_WARN_OBJC_LITERAL_CONVERSION = YES;
				CLANG_WARN_OBJC_ROOT_CLASS = YES_ERROR;
				CLANG_WARN_QUOTED_INCLUDE_IN_FRAMEWORK_HEADER = YES;
				CLANG_WARN_RANGE_LOOP_ANALYSIS = YES;
				CLANG_WARN_STRICT_PROTOTYPES = YES;
				CLANG_WARN_SUSPICIOUS_MOVE = YES;
				CLANG_WARN_UNGUARDED_AVAILABILITY = YES_AGGRESSIVE;
				CLANG_WARN_UNREACHABLE_CODE = YES;
				CLANG_WARN__DUPLICATE_METHOD_MATCH = YES;
				COPY_PHASE_STRIP = NO;
				DEBUG_INFORMATION_FORMAT = dwarf;
				ENABLE_STRICT_OBJC_MSGSEND = YES;
				ENABLE_TESTABILITY = YES;
				ENABLE_USER_SCRIPT_SANDBOXING = YES;
				GCC_C_LANGUAGE_STANDARD = gnu17;
				GCC_DYNAMIC_NO_PIC = NO;
				GCC_NO_COMMON_BLOCKS = YES;
				GCC_OPTIMIZATION_LEVEL = 0;
				GCC_PREPROCESSOR_DEFINITIONS = (
					"DEBUG=1",
					"$(inherited)",
				);
				GCC_WARN_64_TO_32_BIT_CONVERSION = YES;
				GCC_WARN_ABOUT_RETURN_TYPE = YES_ERROR;
				GCC_WARN_UNDECLARED_SELECTOR = YES;
				GCC_WARN_UNINITIALIZED_AUTOS = YES_AGGRESSIVE;
				GCC_WARN_UNUSED_FUNCTION = YES;
				GCC_WARN_UNUSED_VARIABLE = YES;
				IPHONEOS_DEPLOYMENT_TARGET = 17.5;
				LOCALIZATION_PREFERS_STRING_CATALOGS = YES;
				MTL_ENABLE_DEBUG_INFO = INCLUDE_SOURCE;
				MTL_FAST_MATH = YES;
				ONLY_ACTIVE_ARCH = YES;
				SDKROOT = iphoneos;
				SWIFT_ACTIVE_COMPILATION_CONDITIONS = "DEBUG $(inherited)";
				SWIFT_OPTIMIZATION_LEVEL = "-Onone";
			};
			name = Debug;
		};
		CAD766D12C21650900DFA854 /* Release */ = {
			isa = XCBuildConfiguration;
			buildSettings = {
				ALWAYS_SEARCH_USER_PATHS = NO;
				ASSETCATALOG_COMPILER_GENERATE_SWIFT_ASSET_SYMBOL_EXTENSIONS = YES;
				CLANG_ANALYZER_NONNULL = YES;
				CLANG_ANALYZER_NUMBER_OBJECT_CONVERSION = YES_AGGRESSIVE;
				CLANG_CXX_LANGUAGE_STANDARD = "gnu++20";
				CLANG_ENABLE_MODULES = YES;
				CLANG_ENABLE_OBJC_ARC = YES;
				CLANG_ENABLE_OBJC_WEAK = YES;
				CLANG_WARN_BLOCK_CAPTURE_AUTORELEASING = YES;
				CLANG_WARN_BOOL_CONVERSION = YES;
				CLANG_WARN_COMMA = YES;
				CLANG_WARN_CONSTANT_CONVERSION = YES;
				CLANG_WARN_DEPRECATED_OBJC_IMPLEMENTATIONS = YES;
				CLANG_WARN_DIRECT_OBJC_ISA_USAGE = YES_ERROR;
				CLANG_WARN_DOCUMENTATION_COMMENTS = YES;
				CLANG_WARN_EMPTY_BODY = YES;
				CLANG_WARN_ENUM_CONVERSION = YES;
				CLANG_WARN_INFINITE_RECURSION = YES;
				CLANG_WARN_INT_CONVERSION = YES;
				CLANG_WARN_NON_LITERAL_NULL_CONVERSION = YES;
				CLANG_WARN_OBJC_IMPLICIT_RETAIN_SELF = YES;
				CLANG_WARN_OBJC_LITERAL_CONVERSION = YES;
				CLANG_WARN_OBJC_ROOT_CLASS = YES_ERROR;
				CLANG_WARN_QUOTED_INCLUDE_IN_FRAMEWORK_HEADER = YES;
				CLANG_WARN_RANGE_LOOP_ANALYSIS = YES;
				CLANG_WARN_STRICT_PROTOTYPES = YES;
				CLANG_WARN_SUSPICIOUS_MOVE = YES;
				CLANG_WARN_UNGUARDED_AVAILABILITY = YES_AGGRESSIVE;
				CLANG_WARN_UNREACHABLE_CODE = YES;
				CLANG_WARN__DUPLICATE_METHOD_MATCH = YES;
				COPY_PHASE_STRIP = NO;
				DEBUG_INFORMATION_FORMAT = "dwarf-with-dsym";
				ENABLE_NS_ASSERTIONS = NO;
				ENABLE_STRICT_OBJC_MSGSEND = YES;
				ENABLE_USER_SCRIPT_SANDBOXING = YES;
				GCC_C_LANGUAGE_STANDARD = gnu17;
				GCC_NO_COMMON_BLOCKS = YES;
				GCC_WARN_64_TO_32_BIT_CONVERSION = YES;
				GCC_WARN_ABOUT_RETURN_TYPE = YES_ERROR;
				GCC_WARN_UNDECLARED_SELECTOR = YES;
				GCC_WARN_UNINITIALIZED_AUTOS = YES_AGGRESSIVE;
				GCC_WARN_UNUSED_FUNCTION = YES;
				GCC_WARN_UNUSED_VARIABLE = YES;
				IPHONEOS_DEPLOYMENT_TARGET = 17.5;
				LOCALIZATION_PREFERS_STRING_CATALOGS = YES;
				MTL_ENABLE_DEBUG_INFO = NO;
				MTL_FAST_MATH = YES;
				SDKROOT = iphoneos;
				SWIFT_COMPILATION_MODE = wholemodule;
				VALIDATE_PRODUCT = YES;
			};
			name = Release;
		};
		CAD766D32C21650900DFA854 /* Debug */ = {
			isa = XCBuildConfiguration;
			buildSettings = {
				ASSETCATALOG_COMPILER_APPICON_NAME = AppIcon;
				ASSETCATALOG_COMPILER_GLOBAL_ACCENT_COLOR_NAME = AccentColor;
				CODE_SIGN_STYLE = Automatic;
				CURRENT_PROJECT_VERSION = 1;
				DEVELOPMENT_TEAM = 9FQL9PF4QH;
				GENERATE_INFOPLIST_FILE = YES;
				INFOPLIST_FILE = Ratnakar_IOS/Info.plist;
				INFOPLIST_KEY_UIApplicationSupportsIndirectInputEvents = YES;
				INFOPLIST_KEY_UILaunchStoryboardName = LaunchScreen;
				INFOPLIST_KEY_UIMainStoryboardFile = Main;
				INFOPLIST_KEY_UISupportedInterfaceOrientations_iPad = "UIInterfaceOrientationPortrait UIInterfaceOrientationPortraitUpsideDown UIInterfaceOrientationLandscapeLeft UIInterfaceOrientationLandscapeRight";
				INFOPLIST_KEY_UISupportedInterfaceOrientations_iPhone = "UIInterfaceOrientationPortrait UIInterfaceOrientationLandscapeLeft UIInterfaceOrientationLandscapeRight";
				LD_RUNPATH_SEARCH_PATHS = (
					"$(inherited)",
					"@executable_path/Frameworks",
				);
				MARKETING_VERSION = 1.0;
				PRODUCT_BUNDLE_IDENTIFIER = "Ratnakar.Ratnakar-IOS";
				PRODUCT_NAME = "$(TARGET_NAME)";
				SWIFT_EMIT_LOC_STRINGS = YES;
				SWIFT_VERSION = 5.0;
				TARGETED_DEVICE_FAMILY = "1,2";
			};
			name = Debug;
		};
		CAD766D42C21650900DFA854 /* Release */ = {
			isa = XCBuildConfiguration;
			buildSettings = {
				ASSETCATALOG_COMPILER_APPICON_NAME = AppIcon;
				ASSETCATALOG_COMPILER_GLOBAL_ACCENT_COLOR_NAME = AccentColor;
				CODE_SIGN_STYLE = Automatic;
				CURRENT_PROJECT_VERSION = 1;
				DEVELOPMENT_TEAM = 9FQL9PF4QH;
				GENERATE_INFOPLIST_FILE = YES;
				INFOPLIST_FILE = Ratnakar_IOS/Info.plist;
				INFOPLIST_KEY_UIApplicationSupportsIndirectInputEvents = YES;
				INFOPLIST_KEY_UILaunchStoryboardName = LaunchScreen;
				INFOPLIST_KEY_UIMainStoryboardFile = Main;
				INFOPLIST_KEY_UISupportedInterfaceOrientations_iPad = "UIInterfaceOrientationPortrait UIInterfaceOrientationPortraitUpsideDown UIInterfaceOrientationLandscapeLeft UIInterfaceOrientationLandscapeRight";
				INFOPLIST_KEY_UISupportedInterfaceOrientations_iPhone = "UIInterfaceOrientationPortrait UIInterfaceOrientationLandscapeLeft UIInterfaceOrientationLandscapeRight";
				LD_RUNPATH_SEARCH_PATHS = (
					"$(inherited)",
					"@executable_path/Frameworks",
				);
				MARKETING_VERSION = 1.0;
				PRODUCT_BUNDLE_IDENTIFIER = "Ratnakar.Ratnakar-IOS";
				PRODUCT_NAME = "$(TARGET_NAME)";
				SWIFT_EMIT_LOC_STRINGS = YES;
				SWIFT_VERSION = 5.0;
				TARGETED_DEVICE_FAMILY = "1,2";
			};
			name = Release;
		};
/* End XCBuildConfiguration section */

/* Begin XCConfigurationList section */
		CAD766B92C21650700DFA854 /* Build configuration list for PBXProject "Ratnakar_IOS" */ = {
			isa = XCConfigurationList;
			buildConfigurations = (
				CAD766D02C21650900DFA854 /* Debug */,
				CAD766D12C21650900DFA854 /* Release */,
			);
			defaultConfigurationIsVisible = 0;
			defaultConfigurationName = Release;
		};
		CAD766D22C21650900DFA854 /* Build configuration list for PBXNativeTarget "Ratnakar_IOS" */ = {
			isa = XCConfigurationList;
			buildConfigurations = (
				CAD766D32C21650900DFA854 /* Debug */,
				CAD766D42C21650900DFA854 /* Release */,
			);
			defaultConfigurationIsVisible = 0;
			defaultConfigurationName = Release;
		};
/* End XCConfigurationList section */
	};
	rootObject = CAD766B62C21650700DFA854 /* Project object */;
}
